// !$*UTF8*$!
{
	archiveVersion = 1;
	classes = {
	};
	objectVersion = 50;
	objects = {

/* Begin PBXBuildFile section */
		4368CAC4225C89F90067B7BA /* AppDelegate.swift in Sources */ = {isa = PBXBuildFile; fileRef = 4368CAC3225C89F90067B7BA /* AppDelegate.swift */; };
		4368CAC6225C89F90067B7BA /* ViewController.swift in Sources */ = {isa = PBXBuildFile; fileRef = 4368CAC5225C89F90067B7BA /* ViewController.swift */; };
		4368CAC9225C89F90067B7BA /* Main.storyboard in Resources */ = {isa = PBXBuildFile; fileRef = 4368CAC7225C89F90067B7BA /* Main.storyboard */; };
		4368CACE225C89FA0067B7BA /* LaunchScreen.storyboard in Resources */ = {isa = PBXBuildFile; fileRef = 4368CACC225C89FA0067B7BA /* LaunchScreen.storyboard */; };
		4368CAD7225C8A8F0067B7BA /* PlayingCard.swift in Sources */ = {isa = PBXBuildFile; fileRef = 4368CAD6225C8A8F0067B7BA /* PlayingCard.swift */; };
		4368CAD9225C8AB20067B7BA /* PlayingCardDeck.swift in Sources */ = {isa = PBXBuildFile; fileRef = 4368CAD8225C8AB20067B7BA /* PlayingCardDeck.swift */; };
		4368CADF225C8BA70067B7BA /* PlayingCardView.swift in Sources */ = {isa = PBXBuildFile; fileRef = 4368CADE225C8BA70067B7BA /* PlayingCardView.swift */; };
		4368CAE1225C8C770067B7BA /* Assets.xcassets in Resources */ = {isa = PBXBuildFile; fileRef = 4368CAE0225C8C770067B7BA /* Assets.xcassets */; };
		4368CAE5225CCA660067B7BA /* CardBehavior.swift in Sources */ = {isa = PBXBuildFile; fileRef = 4368CAE4225CCA660067B7BA /* CardBehavior.swift */; };
/* End PBXBuildFile section */

/* Begin PBXFileReference section */
		4368CAC0225C89F90067B7BA /* PlayingCard.app */ = {isa = PBXFileReference; explicitFileType = wrapper.application; includeInIndex = 0; path = PlayingCard.app; sourceTree = BUILT_PRODUCTS_DIR; };
		4368CAC3225C89F90067B7BA /* AppDelegate.swift */ = {isa = PBXFileReference; lastKnownFileType = sourcecode.swift; path = AppDelegate.swift; sourceTree = "<group>"; };
		4368CAC5225C89F90067B7BA /* ViewController.swift */ = {isa = PBXFileReference; lastKnownFileType = sourcecode.swift; path = ViewController.swift; sourceTree = "<group>"; };
		4368CAC8225C89F90067B7BA /* Base */ = {isa = PBXFileReference; lastKnownFileType = file.storyboard; name = Base; path = Base.lproj/Main.storyboard; sourceTree = "<group>"; };
		4368CACD225C89FA0067B7BA /* Base */ = {isa = PBXFileReference; lastKnownFileType = file.storyboard; name = Base; path = Base.lproj/LaunchScreen.storyboard; sourceTree = "<group>"; };
		4368CACF225C89FA0067B7BA /* Info.plist */ = {isa = PBXFileReference; lastKnownFileType = text.plist.xml; path = Info.plist; sourceTree = "<group>"; };
		4368CAD6225C8A8F0067B7BA /* PlayingCard.swift */ = {isa = PBXFileReference; lastKnownFileType = sourcecode.swift; path = PlayingCard.swift; sourceTree = "<group>"; };
		4368CAD8225C8AB20067B7BA /* PlayingCardDeck.swift */ = {isa = PBXFileReference; lastKnownFileType = sourcecode.swift; path = PlayingCardDeck.swift; sourceTree = "<group>"; };
		4368CADE225C8BA70067B7BA /* PlayingCardView.swift */ = {isa = PBXFileReference; lastKnownFileType = sourcecode.swift; path = PlayingCardView.swift; sourceTree = "<group>"; };
		4368CAE0225C8C770067B7BA /* Assets.xcassets */ = {isa = PBXFileReference; lastKnownFileType = folder.assetcatalog; name = Assets.xcassets; path = "../../../Downloads/cs193p-2017-fall-demo-and-solution-master/lecture_8/demo/PlayingCard/PlayingCard/Assets.xcassets"; sourceTree = "<group>"; };
		4368CAE4225CCA660067B7BA /* CardBehavior.swift */ = {isa = PBXFileReference; lastKnownFileType = sourcecode.swift; path = CardBehavior.swift; sourceTree = "<group>"; };
/* End PBXFileReference section */

/* Begin PBXFrameworksBuildPhase section */
		4368CABD225C89F90067B7BA /* Frameworks */ = {
			isa = PBXFrameworksBuildPhase;
			buildActionMask = 2147483647;
			files = (
			);
			runOnlyForDeploymentPostprocessing = 0;
		};
/* End PBXFrameworksBuildPhase section */

/* Begin PBXGroup section */
		4368CAB7225C89F90067B7BA = {
			isa = PBXGroup;
			children = (
				4368CAC2225C89F90067B7BA /* PlayingCard */,
				4368CAC1225C89F90067B7BA /* Products */,
			);
			sourceTree = "<group>";
		};
		4368CAC1225C89F90067B7BA /* Products */ = {
			isa = PBXGroup;
			children = (
				4368CAC0225C89F90067B7BA /* PlayingCard.app */,
			);
			name = Products;
			sourceTree = "<group>";
		};
		4368CAC2225C89F90067B7BA /* PlayingCard */ = {
			isa = PBXGroup;
			children = (
				4368CAE4225CCA660067B7BA /* CardBehavior.swift */,
				4368CAD5225C8A0C0067B7BA /* Supporting Files */,
				4368CADE225C8BA70067B7BA /* PlayingCardView.swift */,
				4368CAC5225C89F90067B7BA /* ViewController.swift */,
				4368CAC7225C89F90067B7BA /* Main.storyboard */,
				4368CAD6225C8A8F0067B7BA /* PlayingCard.swift */,
				4368CAD8225C8AB20067B7BA /* PlayingCardDeck.swift */,
				4368CAE0225C8C770067B7BA /* Assets.xcassets */,
				4368CACF225C89FA0067B7BA /* Info.plist */,
			);
			path = PlayingCard;
			sourceTree = "<group>";
		};
		4368CAD5225C8A0C0067B7BA /* Supporting Files */ = {
			isa = PBXGroup;
			children = (
				4368CAC3225C89F90067B7BA /* AppDelegate.swift */,
				4368CACC225C89FA0067B7BA /* LaunchScreen.storyboard */,
			);
			path = "Supporting Files";
			sourceTree = "<group>";
		};
/* End PBXGroup section */

/* Begin PBXNativeTarget section */
		4368CABF225C89F90067B7BA /* PlayingCard */ = {
			isa = PBXNativeTarget;
			buildConfigurationList = 4368CAD2225C89FA0067B7BA /* Build configuration list for PBXNativeTarget "PlayingCard" */;
			buildPhases = (
				4368CABC225C89F90067B7BA /* Sources */,
				4368CABD225C89F90067B7BA /* Frameworks */,
				4368CABE225C89F90067B7BA /* Resources */,
			);
			buildRules = (
			);
			dependencies = (
			);
			name = PlayingCard;
			productName = PlayingCard;
			productReference = 4368CAC0225C89F90067B7BA /* PlayingCard.app */;
			productType = "com.apple.product-type.application";
		};
/* End PBXNativeTarget section */

/* Begin PBXProject section */
		4368CAB8225C89F90067B7BA /* Project object */ = {
			isa = PBXProject;
			attributes = {
				LastSwiftUpdateCheck = 1020;
				LastUpgradeCheck = 1020;
				ORGANIZATIONNAME = sunsetwan;
				TargetAttributes = {
					4368CABF225C89F90067B7BA = {
						CreatedOnToolsVersion = 10.2;
					};
				};
			};
			buildConfigurationList = 4368CABB225C89F90067B7BA /* Build configuration list for PBXProject "PlayingCard" */;
			compatibilityVersion = "Xcode 9.3";
			developmentRegion = en;
			hasScannedForEncodings = 0;
			knownRegions = (
				en,
				Base,
			);
			mainGroup = 4368CAB7225C89F90067B7BA;
			productRefGroup = 4368CAC1225C89F90067B7BA /* Products */;
			projectDirPath = "";
			projectRoot = "";
			targets = (
				4368CABF225C89F90067B7BA /* PlayingCard */,
			);
		};
/* End PBXProject section */

/* Begin PBXResourcesBuildPhase section */
		4368CABE225C89F90067B7BA /* Resources */ = {
			isa = PBXResourcesBuildPhase;
			buildActionMask = 2147483647;
			files = (
				4368CACE225C89FA0067B7BA /* LaunchScreen.storyboard in Resources */,
				4368CAE1225C8C770067B7BA /* Assets.xcassets in Resources */,
				4368CAC9225C89F90067B7BA /* Main.storyboard in Resources */,
			);
			runOnlyForDeploymentPostprocessing = 0;
		};
/* End PBXResourcesBuildPhase section */

/* Begin PBXSourcesBuildPhase section */
		4368CABC225C89F90067B7BA /* Sources */ = {
			isa = PBXSourcesBuildPhase;
			buildActionMask = 2147483647;
			files = (
				4368CAC6225C89F90067B7BA /* ViewController.swift in Sources */,
				4368CAD9225C8AB20067B7BA /* PlayingCardDeck.swift in Sources */,
				4368CAD7225C8A8F0067B7BA /* PlayingCard.swift in Sources */,
				4368CADF225C8BA70067B7BA /* PlayingCardView.swift in Sources */,
				4368CAC4225C89F90067B7BA /* AppDelegate.swift in Sources */,
				4368CAE5225CCA660067B7BA /* CardBehavior.swift in Sources */,
			);
			runOnlyForDeploymentPostprocessing = 0;
		};
/* End PBXSourcesBuildPhase section */

/* Begin PBXVariantGroup section */
		4368CAC7225C89F90067B7BA /* Main.storyboard */ = {
			isa = PBXVariantGroup;
			children = (
				4368CAC8225C89F90067B7BA /* Base */,
			);
			name = Main.storyboard;
			sourceTree = "<group>";
		};
		4368CACC225C89FA0067B7BA /* LaunchScreen.storyboard */ = {
			isa = PBXVariantGroup;
			children = (
				4368CACD225C89FA0067B7BA /* Base */,
			);
			name = LaunchScreen.storyboard;
			sourceTree = "<group>";
		};
/* End PBXVariantGroup section */

/* Begin XCBuildConfiguration section */
		4368CAD0225C89FA0067B7BA /* Debug */ = {
			isa = XCBuildConfiguration;
			buildSettings = {
				ALWAYS_SEARCH_USER_PATHS = NO;
				CLANG_ANALYZER_NONNULL = YES;
				CLANG_ANALYZER_NUMBER_OBJECT_CONVERSION = YES_AGGRESSIVE;
				CLANG_CXX_LANGUAGE_STANDARD = "gnu++14";
				CLANG_CXX_LIBRARY = "libc++";
				CLANG_ENABLE_MODULES = YES;
				CLANG_ENABLE_OBJC_ARC = YES;
				CLANG_ENABLE_OBJC_WEAK = YES;
				CLANG_WARN_BLOCK_CAPTURE_AUTORELEASING = YES;
				CLANG_WARN_BOOL_CONVERSION = YES;
				CLANG_WARN_COMMA = YES;
				CLANG_WARN_CONSTANT_CONVERSION = YES;
				CLANG_WARN_DEPRECATED_OBJC_IMPLEMENTATIONS = YES;
				CLANG_WARN_DIRECT_OBJC_ISA_USAGE = YES_ERROR;
				CLANG_WARN_DOCUMENTATION_COMMENTS = YES;
				CLANG_WARN_EMPTY_BODY = YES;
				CLANG_WARN_ENUM_CONVERSION = YES;
				CLANG_WARN_INFINITE_RECURSION = YES;
				CLANG_WARN_INT_CONVERSION = YES;
				CLANG_WARN_NON_LITERAL_NULL_CONVERSION = YES;
				CLANG_WARN_OBJC_IMPLICIT_RETAIN_SELF = YES;
				CLANG_WARN_OBJC_LITERAL_CONVERSION = YES;
				CLANG_WARN_OBJC_ROOT_CLASS = YES_ERROR;
				CLANG_WARN_RANGE_LOOP_ANALYSIS = YES;
				CLANG_WARN_STRICT_PROTOTYPES = YES;
				CLANG_WARN_SUSPICIOUS_MOVE = YES;
				CLANG_WARN_UNGUARDED_AVAILABILITY = YES_AGGRESSIVE;
				CLANG_WARN_UNREACHABLE_CODE = YES;
				CLANG_WARN__DUPLICATE_METHOD_MATCH = YES;
				CODE_SIGN_IDENTITY = "iPhone Developer";
				COPY_PHASE_STRIP = NO;
				DEBUG_INFORMATION_FORMAT = dwarf;
				ENABLE_STRICT_OBJC_MSGSEND = YES;
				ENABLE_TESTABILITY = YES;
				GCC_C_LANGUAGE_STANDARD = gnu11;
				GCC_DYNAMIC_NO_PIC = NO;
				GCC_NO_COMMON_BLOCKS = YES;
				GCC_OPTIMIZATION_LEVEL = 0;
				GCC_PREPROCESSOR_DEFINITIONS = (
					"DEBUG=1",
					"$(inherited)",
				);
				GCC_WARN_64_TO_32_BIT_CONVERSION = YES;
				GCC_WARN_ABOUT_RETURN_TYPE = YES_ERROR;
				GCC_WARN_UNDECLARED_SELECTOR = YES;
				GCC_WARN_UNINITIALIZED_AUTOS = YES_AGGRESSIVE;
				GCC_WARN_UNUSED_FUNCTION = YES;
				GCC_WARN_UNUSED_VARIABLE = YES;
				IPHONEOS_DEPLOYMENT_TARGET = 12.2;
				MTL_ENABLE_DEBUG_INFO = INCLUDE_SOURCE;
				MTL_FAST_MATH = YES;
				ONLY_ACTIVE_ARCH = YES;
				SDKROOT = iphoneos;
				SWIFT_ACTIVE_COMPILATION_CONDITIONS = DEBUG;
				SWIFT_OPTIMIZATION_LEVEL = "-Onone";
			};
			name = Debug;
		};
		4368CAD1225C89FA0067B7BA /* Release */ = {
			isa = XCBuildConfiguration;
			buildSettings = {
				ALWAYS_SEARCH_USER_PATHS = NO;
				CLANG_ANALYZER_NONNULL = YES;
				CLANG_ANALYZER_NUMBER_OBJECT_CONVERSION = YES_AGGRESSIVE;
				CLANG_CXX_LANGUAGE_STANDARD = "gnu++14";
				CLANG_CXX_LIBRARY = "libc++";
				CLANG_ENABLE_MODULES = YES;
				CLANG_ENABLE_OBJC_ARC = YES;
				CLANG_ENABLE_OBJC_WEAK = YES;
				CLANG_WARN_BLOCK_CAPTURE_AUTORELEASING = YES;
				CLANG_WARN_BOOL_CONVERSION = YES;
				CLANG_WARN_COMMA = YES;
				CLANG_WARN_CONSTANT_CONVERSION = YES;
				CLANG_WARN_DEPRECATED_OBJC_IMPLEMENTATIONS = YES;
				CLANG_WARN_DIRECT_OBJC_ISA_USAGE = YES_ERROR;
				CLANG_WARN_DOCUMENTATION_COMMENTS = YES;
				CLANG_WARN_EMPTY_BODY = YES;
				CLANG_WARN_ENUM_CONVERSION = YES;
				CLANG_WARN_INFINITE_RECURSION = YES;
				CLANG_WARN_INT_CONVERSION = YES;
				CLANG_WARN_NON_LITERAL_NULL_CONVERSION = YES;
				CLANG_WARN_OBJC_IMPLICIT_RETAIN_SELF = YES;
				CLANG_WARN_OBJC_LITERAL_CONVERSION = YES;
				CLANG_WARN_OBJC_ROOT_CLASS = YES_ERROR;
				CLANG_WARN_RANGE_LOOP_ANALYSIS = YES;
				CLANG_WARN_STRICT_PROTOTYPES = YES;
				CLANG_WARN_SUSPICIOUS_MOVE = YES;
				CLANG_WARN_UNGUARDED_AVAILABILITY = YES_AGGRESSIVE;
				CLANG_WARN_UNREACHABLE_CODE = YES;
				CLANG_WARN__DUPLICATE_METHOD_MATCH = YES;
				CODE_SIGN_IDENTITY = "iPhone Developer";
				COPY_PHASE_STRIP = NO;
				DEBUG_INFORMATION_FORMAT = "dwarf-with-dsym";
				ENABLE_NS_ASSERTIONS = NO;
				ENABLE_STRICT_OBJC_MSGSEND = YES;
				GCC_C_LANGUAGE_STANDARD = gnu11;
				GCC_NO_COMMON_BLOCKS = YES;
				GCC_WARN_64_TO_32_BIT_CONVERSION = YES;
				GCC_WARN_ABOUT_RETURN_TYPE = YES_ERROR;
				GCC_WARN_UNDECLARED_SELECTOR = YES;
				GCC_WARN_UNINITIALIZED_AUTOS = YES_AGGRESSIVE;
				GCC_WARN_UNUSED_FUNCTION = YES;
				GCC_WARN_UNUSED_VARIABLE = YES;
				IPHONEOS_DEPLOYMENT_TARGET = 12.2;
				MTL_ENABLE_DEBUG_INFO = NO;
				MTL_FAST_MATH = YES;
				SDKROOT = iphoneos;
				SWIFT_COMPILATION_MODE = wholemodule;
				SWIFT_OPTIMIZATION_LEVEL = "-O";
				VALIDATE_PRODUCT = YES;
			};
			name = Release;
		};
		4368CAD3225C89FA0067B7BA /* Debug */ = {
			isa = XCBuildConfiguration;
			buildSettings = {
				ASSETCATALOG_COMPILER_APPICON_NAME = AppIcon;
				CODE_SIGN_STYLE = Automatic;
				DEVELOPMENT_TEAM = 32V635PZ8Q;
				INFOPLIST_FILE = PlayingCard/Info.plist;
				LD_RUNPATH_SEARCH_PATHS = (
					"$(inherited)",
					"@executable_path/Frameworks",
				);
				PRODUCT_BUNDLE_IDENTIFIER = com.sunsetwan.15030225.PlayingCard;
				PRODUCT_NAME = "$(TARGET_NAME)";
				SWIFT_VERSION = 5.0;
				TARGETED_DEVICE_FAMILY = "1,2";
			};
			name = Debug;
		};
		4368CAD4225C89FA0067B7BA /* Release */ = {
			isa = XCBuildConfiguration;
			buildSettings = {
				ASSETCATALOG_COMPILER_APPICON_NAME = AppIcon;
				CODE_SIGN_STYLE = Automatic;
				DEVELOPMENT_TEAM = 32V635PZ8Q;
				INFOPLIST_FILE = PlayingCard/Info.plist;
				LD_RUNPATH_SEARCH_PATHS = (
					"$(inherited)",
					"@executable_path/Frameworks",
				);
				PRODUCT_BUNDLE_IDENTIFIER = com.sunsetwan.15030225.PlayingCard;
				PRODUCT_NAME = "$(TARGET_NAME)";
				SWIFT_VERSION = 5.0;
				TARGETED_DEVICE_FAMILY = "1,2";
			};
			name = Release;
		};
/* End XCBuildConfiguration section */

/* Begin XCConfigurationList section */
		4368CABB225C89F90067B7BA /* Build configuration list for PBXProject "PlayingCard" */ = {
			isa = XCConfigurationList;
			buildConfigurations = (
				4368CAD0225C89FA0067B7BA /* Debug */,
				4368CAD1225C89FA0067B7BA /* Release */,
			);
			defaultConfigurationIsVisible = 0;
			defaultConfigurationName = Release;
		};
		4368CAD2225C89FA0067B7BA /* Build configuration list for PBXNativeTarget "PlayingCard" */ = {
			isa = XCConfigurationList;
			buildConfigurations = (
				4368CAD3225C89FA0067B7BA /* Debug */,
				4368CAD4225C89FA0067B7BA /* Release */,
			);
			defaultConfigurationIsVisible = 0;
			defaultConfigurationName = Release;
		};
/* End XCConfigurationList section */
	};
	rootObject = 4368CAB8225C89F90067B7BA /* Project object */;
}
